
Microsoft Visual Studio Solution File, Format Version 12.00
# Visual Studio Version 16
VisualStudioVersion = 16.0.30711.63
MinimumVisualStudioVersion = 10.0.40219.1
Project("{9A19103F-16F7-4668-BE54-9A1E7A4F7556}") = "ValueObjectSample", "ValueObject\ValueObjectSample.csproj", "{4EE188C3-22B5-4B4C-AD32-CB9EC1810CC1}"
EndProject
Project("{9A19103F-16F7-4668-BE54-9A1E7A4F7556}") = "Tests", "Tests\Tests.csproj", "{79825994-84B2-4CD6-AAD6-42E34E61EF22}"
EndProject
Global
	GlobalSection(SolutionConfigurationPlatforms) = preSolution
		Debug|Any CPU = Debug|Any CPU
		Release|Any CPU = Release|Any CPU
	EndGlobalSection
	GlobalSection(ProjectConfigurationPlatforms) = postSolution
		{4EE188C3-22B5-4B4C-AD32-CB9EC1810CC1}.Debug|Any CPU.ActiveCfg = Debug|Any CPU
		{4EE188C3-22B5-4B4C-AD32-CB9EC1810CC1}.Debug|Any CPU.Build.0 = Debug|Any CPU
		{4EE188C3-22B5-4B4C-AD32-CB9EC1810CC1}.Release|Any CPU.ActiveCfg = Release|Any CPU
		{4EE188C3-22B5-4B4C-AD32-CB9EC1810CC1}.Release|Any CPU.Build.0 = Release|Any CPU
		{79825994-84B2-4CD6-AAD6-42E34E61EF22}.Debug|Any CPU.ActiveCfg = Debug|Any CPU
		{79825994-84B2-4CD6-AAD6-42E34E61EF22}.Debug|Any CPU.Build.0 = Debug|Any CPU
		{79825994-84B2-4CD6-AAD6-42E34E61EF22}.Release|Any CPU.ActiveCfg = Release|Any CPU
		{79825994-84B2-4CD6-AAD6-42E34E61EF22}.Release|Any CPU.Build.0 = Release|Any CPU
	EndGlobalSection
	GlobalSection(SolutionProperties) = preSolution
		HideSolutionNode = FALSE
	EndGlobalSection
	GlobalSection(ExtensibilityGlobals) = postSolution
		SolutionGuid = {ACD5280A-0C45-4095-926D-B9FA39BB369B}
	EndGlobalSection
EndGlobal
